
Microsoft Visual Studio Solution File, Format Version 12.00
# Visual Studio Version 17
VisualStudioVersion = 17.0.31912.275
MinimumVisualStudioVersion = 10.0.40219.1
Project("{FAE04EC0-301F-11D3-BF4B-00C04F79EFBC}") = "Pirsoft.UITests", "Pirsoft.UITests.csproj", "{860919C5-BC69-4840-8182-716C19A336EC}"
EndProject
Global
	GlobalSection(SolutionConfigurationPlatforms) = preSolution
		Debug|Any CPU = Debug|Any CPU
		Release|Any CPU = Release|Any CPU
	EndGlobalSection
	GlobalSection(ProjectConfigurationPlatforms) = postSolution
		{860919C5-BC69-4840-8182-716C19A336EC}.Debug|Any CPU.ActiveCfg = Debug|Any CPU
		{860919C5-BC69-4840-8182-716C19A336EC}.Debug|Any CPU.Build.0 = Debug|Any CPU
		{860919C5-BC69-4840-8182-716C19A336EC}.Release|Any CPU.ActiveCfg = Release|Any CPU
		{860919C5-BC69-4840-8182-716C19A336EC}.Release|Any CPU.Build.0 = Release|Any CPU
	EndGlobalSection
	GlobalSection(SolutionProperties) = preSolution
		HideSolutionNode = FALSE
	EndGlobalSection
	GlobalSection(ExtensibilityGlobals) = postSolution
		SolutionGuid = {2591E5EF-1AEB-4A88-BA04-C087266430CA}
	EndGlobalSection
EndGlobal
