
Microsoft Visual Studio Solution File, Format Version 12.00
# Visual Studio Version 17
VisualStudioVersion = 17.0.31912.275
MinimumVisualStudioVersion = 10.0.40219.1
Project("{9A19103F-16F7-4668-BE54-9A1E7A4F7556}") = "Pirsoft.Api", "Pirsoft.Api.csproj", "{1617F199-BF89-4CB7-93A8-EBAB4B6BBBA2}"
EndProject
Project("{9A19103F-16F7-4668-BE54-9A1E7A4F7556}") = "Pirsoft.UnitTests", "..\Pirsoft.UnitTests\Pirsoft.UnitTests.csproj", "{B26DD2C4-9C3F-4665-AC76-000BF2A1D09B}"
EndProject
Project("{FAE04EC0-301F-11D3-BF4B-00C04F79EFBC}") = "Pirsoft.IntegrationTests", "..\Pirsoft.IntegrationTests\Pirsoft.IntegrationTests.csproj", "{889A033C-13C0-4DBF-86B9-91FE786389B7}"
EndProject
Global
	GlobalSection(SolutionConfigurationPlatforms) = preSolution
		Debug|Any CPU = Debug|Any CPU
		Release|Any CPU = Release|Any CPU
	EndGlobalSection
	GlobalSection(ProjectConfigurationPlatforms) = postSolution
		{1617F199-BF89-4CB7-93A8-EBAB4B6BBBA2}.Debug|Any CPU.ActiveCfg = Debug|Any CPU
		{1617F199-BF89-4CB7-93A8-EBAB4B6BBBA2}.Debug|Any CPU.Build.0 = Debug|Any CPU
		{1617F199-BF89-4CB7-93A8-EBAB4B6BBBA2}.Release|Any CPU.ActiveCfg = Release|Any CPU
		{1617F199-BF89-4CB7-93A8-EBAB4B6BBBA2}.Release|Any CPU.Build.0 = Release|Any CPU
		{B26DD2C4-9C3F-4665-AC76-000BF2A1D09B}.Debug|Any CPU.ActiveCfg = Debug|Any CPU
		{B26DD2C4-9C3F-4665-AC76-000BF2A1D09B}.Debug|Any CPU.Build.0 = Debug|Any CPU
		{B26DD2C4-9C3F-4665-AC76-000BF2A1D09B}.Release|Any CPU.ActiveCfg = Release|Any CPU
		{B26DD2C4-9C3F-4665-AC76-000BF2A1D09B}.Release|Any CPU.Build.0 = Release|Any CPU
		{889A033C-13C0-4DBF-86B9-91FE786389B7}.Debug|Any CPU.ActiveCfg = Debug|Any CPU
		{889A033C-13C0-4DBF-86B9-91FE786389B7}.Debug|Any CPU.Build.0 = Debug|Any CPU
		{889A033C-13C0-4DBF-86B9-91FE786389B7}.Release|Any CPU.ActiveCfg = Release|Any CPU
		{889A033C-13C0-4DBF-86B9-91FE786389B7}.Release|Any CPU.Build.0 = Release|Any CPU
	EndGlobalSection
	GlobalSection(SolutionProperties) = preSolution
		HideSolutionNode = FALSE
	EndGlobalSection
	GlobalSection(ExtensibilityGlobals) = postSolution
		SolutionGuid = {4F24115C-9CA4-4A5D-9B06-8282D912D07A}
	EndGlobalSection
EndGlobal
